{
  "version": 4,
  "terraform_version": "1.14.5",
  "serial": 4,
  "lineage": "f42801ef-0140-5cdb-a482-3f10de94347b",
  "outputs": {},
  "resources": [
    {
      "mode": "managed",
      "type": "local_file",
      "name": "team-members",
      "provider": "provider[\"registry.terraform.io/hashicorp/local\"]",
      "instances": [
        {
          "index_key": 0,
          "schema_version": 0,
          "attributes": {
            "content": "Team member: Ade",
            "content_base64": null,
            "content_base64sha256": "wdVdF76H5Dg/oMw+eov0+fsyyJeBsBO592kBh7Cv02Y=",
            "content_base64sha512": "f8mJxa2QyirGBwgRsa/0xgC/hE6gNA0aYk3oBev/ikKSjj//HkNP68OaWr3MuUjxzDp5EFHWfUOQN6BtIPq3SA==",
            "content_md5": "36cabb54c20bd642842d1e0034f8be85",
            "content_sha1": "14494d5c983df02ce75cb47eea43edd9cd0bd348",
            "content_sha256": "c1d55d17be87e4383fa0cc3e7a8bf4f9fb32c89781b013b9f7690187b0afd366",
            "content_sha512": "7fc989c5ad90ca2ac6070811b1aff4c600bf844ea0340d1a624de805ebff8a42928e3fff1e434febc39a5abdccb948f1cc3a791051d67d439037a06d20fab748",
            "directory_permission": "0777",
            "file_permission": "0777",
            "filename": "./count-0.txt",
            "id": "14494d5c983df02ce75cb47eea43edd9cd0bd348",
            "sensitive_content": null,
            "source": null
          },
          "sensitive_attributes": [
            [
              {
                "type": "get_attr",
                "value": "sensitive_content"
              }
            ]
          ],
          "identity_schema_version": 0
        },
        {
          "index_key": 1,
          "schema_version": 0,
          "attributes": {
            "content": "Team member: Kemi",
            "content_base64": null,
            "content_base64sha256": "cWC464uBhvIRlAO6+1zYC1VzSgt9BBQ1+u7TMMGMajQ=",
            "content_base64sha512": "IeEm9MiaOlHEo6AR8QLam/a4EQvLw6hcAwrwtMYFyrtWqI3Q74910fq1H77YexD8NCo0iaL9Eamdaow3sRszhw==",
            "content_md5": "f460bb0e44f1e7ca4f43e261d73d7f1d",
            "content_sha1": "95614436e3e7459a7ccc5e1d368e095ce430522d",
            "content_sha256": "7160b8eb8b8186f2119403bafb5cd80b55734a0b7d041435faeed330c18c6a34",
            "content_sha512": "21e126f4c89a3a51c4a3a011f102da9bf6b8110bcbc3a85c030af0b4c605cabb56a88dd0ef8f75d1fab51fbed87b10fc342a3489a2fd11a99d6a8c37b11b3387",
            "directory_permission": "0777",
            "file_permission": "0777",
            "filename": "./count-1.txt",
            "id": "95614436e3e7459a7ccc5e1d368e095ce430522d",
            "sensitive_content": null,
            "source": null
          },
          "sensitive_attributes": [
            [
              {
                "type": "get_attr",
                "value": "sensitive_content"
              }
            ]
          ],
          "identity_schema_version": 0
        },
        {
          "index_key": 2,
          "schema_version": 0,
          "attributes": {
            "content": "Team member: Funke",
            "content_base64": null,
            "content_base64sha256": "se32dnUV4lLTFARQYXPfignUff4hghBs4TuPsFSWZBw=",
            "content_base64sha512": "ryBT6OZasZUzDMMNb03IBZGkfuyWYYwXm7xDpErcM0/ZeaFIZ5jE1mTxQmK37LMJbSgVfL3ueB/fqL7QSsDI5A==",
            "content_md5": "397cda811b7d4b39bd5606d0bebe1d77",
            "content_sha1": "d55b554473ffd751e5714ad42cc0bff8153514eb",
            "content_sha256": "b1edf6767515e252d31404506173df8a09d47dfe2182106ce13b8fb05496641c",
            "content_sha512": "af2053e8e65ab195330cc30d6f4dc80591a47eec96618c179bbc43a44adc334fd979a1486798c4d664f14262b7ecb3096d28157cbdee781fdfa8bed04ac0c8e4",
            "directory_permission": "0777",
            "file_permission": "0777",
            "filename": "./count-2.txt",
            "id": "d55b554473ffd751e5714ad42cc0bff8153514eb",
            "sensitive_content": null,
            "source": null
          },
          "sensitive_attributes": [
            [
              {
                "type": "get_attr",
                "value": "sensitive_content"
              }
            ]
          ],
          "identity_schema_version": 0
        }
      ]
    }
  ],
  "check_results": null
}
