{
  "version": 4,
  "terraform_version": "1.14.5",
  "serial": 11,
  "lineage": "f42801ef-0140-5cdb-a482-3f10de94347b",
  "outputs": {
    "active_users": {
      "value": [
        "Ade",
        "Eugene",
        "Funke"
      ],
      "type": [
        "tuple",
        [
          "string",
          "string",
          "string"
        ]
      ]
    },
    "numbered_files": {
      "value": [
        "./count-0.txt",
        "./count-1.txt",
        "./count-2.txt"
      ],
      "type": [
        "tuple",
        [
          "string",
          "string",
          "string"
        ]
      ]
    },
    "user_files": {
      "value": {
        "Ade": "./Ade.txt",
        "Eugene": "./Eugene.txt",
        "Funke": "./Funke.txt",
        "Kemi": "./Kemi.txt"
      },
      "type": [
        "object",
        {
          "Ade": "string",
          "Eugene": "string",
          "Funke": "string",
          "Kemi": "string"
        }
      ]
    }
  },
  "resources": [
    {
      "mode": "managed",
      "type": "local_file",
      "name": "summary",
      "provider": "provider[\"registry.terraform.io/hashicorp/local\"]",
      "instances": [
        {
          "index_key": 0,
          "schema_version": 0,
          "attributes": {
            "content": "Configured Users: Ade, Eugene, Funke, Kemi",
            "content_base64": null,
            "content_base64sha256": "Bqmi/DrbGn6LB9ZzxO+5mtXnQACv+nIhvOJA+FFYqdw=",
            "content_base64sha512": "EX0FrK0CfgudeSAoFmsrxs8GrGBbjwrDMibubYvLSM3CPPVDCzf4ctGvQTYS0ZAAyQfE+kW+hgh/tQ1Unq1uhg==",
            "content_md5": "0c4317e8e6752867ac0cb51ff5414fe5",
            "content_sha1": "ea5861c351e7d4a7334e7b8c785fa1be3020edd7",
            "content_sha256": "06a9a2fc3adb1a7e8b07d673c4efb99ad5e74000affa7221bce240f85158a9dc",
            "content_sha512": "117d05acad027e0b9d792028166b2bc6cf06ac605b8f0ac33226ee6d8bcb48cdc23cf5430b37f872d1af413612d19000c907c4fa45be86087fb50d549ead6e86",
            "directory_permission": "0777",
            "file_permission": "0777",
            "filename": "./summary.txt",
            "id": "ea5861c351e7d4a7334e7b8c785fa1be3020edd7",
            "sensitive_content": null,
            "source": null
          },
          "sensitive_attributes": [
            [
              {
                "type": "get_attr",
                "value": "sensitive_content"
              }
            ]
          ],
          "identity_schema_version": 0
        }
      ]
    },
    {
      "mode": "managed",
      "type": "local_file",
      "name": "team-members",
      "provider": "provider[\"registry.terraform.io/hashicorp/local\"]",
      "instances": [
        {
          "index_key": 0,
          "schema_version": 0,
          "attributes": {
            "content": "Team member: Ade",
            "content_base64": null,
            "content_base64sha256": "wdVdF76H5Dg/oMw+eov0+fsyyJeBsBO592kBh7Cv02Y=",
            "content_base64sha512": "f8mJxa2QyirGBwgRsa/0xgC/hE6gNA0aYk3oBev/ikKSjj//HkNP68OaWr3MuUjxzDp5EFHWfUOQN6BtIPq3SA==",
            "content_md5": "36cabb54c20bd642842d1e0034f8be85",
            "content_sha1": "14494d5c983df02ce75cb47eea43edd9cd0bd348",
            "content_sha256": "c1d55d17be87e4383fa0cc3e7a8bf4f9fb32c89781b013b9f7690187b0afd366",
            "content_sha512": "7fc989c5ad90ca2ac6070811b1aff4c600bf844ea0340d1a624de805ebff8a42928e3fff1e434febc39a5abdccb948f1cc3a791051d67d439037a06d20fab748",
            "directory_permission": "0777",
            "file_permission": "0777",
            "filename": "./count-0.txt",
            "id": "14494d5c983df02ce75cb47eea43edd9cd0bd348",
            "sensitive_content": null,
            "source": null
          },
          "sensitive_attributes": [
            [
              {
                "type": "get_attr",
                "value": "sensitive_content"
              }
            ]
          ],
          "identity_schema_version": 0
        },
        {
          "index_key": 1,
          "schema_version": 0,
          "attributes": {
            "content": "Team member: Kemi",
            "content_base64": null,
            "content_base64sha256": "cWC464uBhvIRlAO6+1zYC1VzSgt9BBQ1+u7TMMGMajQ=",
            "content_base64sha512": "IeEm9MiaOlHEo6AR8QLam/a4EQvLw6hcAwrwtMYFyrtWqI3Q74910fq1H77YexD8NCo0iaL9Eamdaow3sRszhw==",
            "content_md5": "f460bb0e44f1e7ca4f43e261d73d7f1d",
            "content_sha1": "95614436e3e7459a7ccc5e1d368e095ce430522d",
            "content_sha256": "7160b8eb8b8186f2119403bafb5cd80b55734a0b7d041435faeed330c18c6a34",
            "content_sha512": "21e126f4c89a3a51c4a3a011f102da9bf6b8110bcbc3a85c030af0b4c605cabb56a88dd0ef8f75d1fab51fbed87b10fc342a3489a2fd11a99d6a8c37b11b3387",
            "directory_permission": "0777",
            "file_permission": "0777",
            "filename": "./count-1.txt",
            "id": "95614436e3e7459a7ccc5e1d368e095ce430522d",
            "sensitive_content": null,
            "source": null
          },
          "sensitive_attributes": [
            [
              {
                "type": "get_attr",
                "value": "sensitive_content"
              }
            ]
          ],
          "identity_schema_version": 0
        },
        {
          "index_key": 2,
          "schema_version": 0,
          "attributes": {
            "content": "Team member: Funke",
            "content_base64": null,
            "content_base64sha256": "se32dnUV4lLTFARQYXPfignUff4hghBs4TuPsFSWZBw=",
            "content_base64sha512": "ryBT6OZasZUzDMMNb03IBZGkfuyWYYwXm7xDpErcM0/ZeaFIZ5jE1mTxQmK37LMJbSgVfL3ueB/fqL7QSsDI5A==",
            "content_md5": "397cda811b7d4b39bd5606d0bebe1d77",
            "content_sha1": "d55b554473ffd751e5714ad42cc0bff8153514eb",
            "content_sha256": "b1edf6767515e252d31404506173df8a09d47dfe2182106ce13b8fb05496641c",
            "content_sha512": "af2053e8e65ab195330cc30d6f4dc80591a47eec96618c179bbc43a44adc334fd979a1486798c4d664f14262b7ecb3096d28157cbdee781fdfa8bed04ac0c8e4",
            "directory_permission": "0777",
            "file_permission": "0777",
            "filename": "./count-2.txt",
            "id": "d55b554473ffd751e5714ad42cc0bff8153514eb",
            "sensitive_content": null,
            "source": null
          },
          "sensitive_attributes": [
            [
              {
                "type": "get_attr",
                "value": "sensitive_content"
              }
            ]
          ],
          "identity_schema_version": 0
        }
      ]
    },
    {
      "mode": "managed",
      "type": "local_file",
      "name": "users",
      "provider": "provider[\"registry.terraform.io/hashicorp/local\"]",
      "instances": [
        {
          "index_key": "Ade",
          "schema_version": 0,
          "attributes": {
            "content": "Name: ADE\nRole: student\nStatus: active\nSkills: Terraform,docker\n",
            "content_base64": null,
            "content_base64sha256": "9tfNzHqn5XXsb4GLGHBJHcfBhpDXBGuWXy8PUVVf+MA=",
            "content_base64sha512": "SsPUtPL42MP19OoWop5RlNSkvYUl0A2ai4CD8RygC9IEry7Y8Slv0gkt1oAZBQFkdsLFDyMGQXZLnMv9sYj1AA==",
            "content_md5": "995e839160ddeb993106c6c1b7241f60",
            "content_sha1": "c6b44681a2d46ad05047d1ba8ade516c000c3765",
            "content_sha256": "f6d7cdcc7aa7e575ec6f818b1870491dc7c18690d7046b965f2f0f51555ff8c0",
            "content_sha512": "4ac3d4b4f2f8d8c3f5f4ea16a29e5194d4a4bd8525d00d9a8b8083f11ca00bd204af2ed8f1296fd2092dd6801905016476c2c50f230641764b9ccbfdb188f500",
            "directory_permission": "0777",
            "file_permission": "0777",
            "filename": "./Ade.txt",
            "id": "c6b44681a2d46ad05047d1ba8ade516c000c3765",
            "sensitive_content": null,
            "source": null
          },
          "sensitive_attributes": [
            [
              {
                "type": "get_attr",
                "value": "sensitive_content"
              }
            ]
          ],
          "identity_schema_version": 0
        },
        {
          "index_key": "Eugene",
          "schema_version": 0,
          "attributes": {
            "content": "Name: EUGENE\nRole: cloud engineer\nStatus: active\nSkills: AWS,Terraform,Kubernetes,Github actions\n",
            "content_base64": null,
            "content_base64sha256": "h5y9ZvABXYZae8pVMuuvrHZG3VFUXbPRTIvqNXocloU=",
            "content_base64sha512": "tcKY53JqxGf8ucx7sZR3EsKdZVOwH5ZNpw6xcy4H4eK5+4x74Rw6t46xE3YkgD19thXKog7mf9NXmhtHw2uHVA==",
            "content_md5": "ded167e48823171ac77010001754fa24",
            "content_sha1": "3d547c72f8d1fa2e180be076a37e21e65a7f48d0",
            "content_sha256": "879cbd66f0015d865a7bca5532ebafac7646dd51545db3d14c8bea357a1c9685",
            "content_sha512": "b5c298e7726ac467fcb9cc7bb1947712c29d6553b01f964da70eb1732e07e1e2b9fb8c7be11c3ab78eb1137624803d7db615caa20ee67fd3579a1b47c36b8754",
            "directory_permission": "0777",
            "file_permission": "0777",
            "filename": "./Eugene.txt",
            "id": "3d547c72f8d1fa2e180be076a37e21e65a7f48d0",
            "sensitive_content": null,
            "source": null
          },
          "sensitive_attributes": [
            [
              {
                "type": "get_attr",
                "value": "sensitive_content"
              }
            ]
          ],
          "identity_schema_version": 0
        },
        {
          "index_key": "Funke",
          "schema_version": 0,
          "attributes": {
            "content": "Name: FUNKE\nRole: tester\nStatus: active\nSkills: Testing,Linux\n",
            "content_base64": null,
            "content_base64sha256": "sTyyAMJe1MiD9RfYcrv3Gz8XNURYwHkvqgbBdskEsKw=",
            "content_base64sha512": "9p9gR7moxMlUAkI23m0PTY2lfXTDiqDnTkadQC6Md1ng8+clkOVTybJw8eu61++nXVtbCnTuDhHrtfBe/egxZw==",
            "content_md5": "feb6d440bf244dff4908ca52e7609321",
            "content_sha1": "cd26265ee25788d33ab2bad0bcda3860b3820f94",
            "content_sha256": "b13cb200c25ed4c883f517d872bbf71b3f17354458c0792faa06c176c904b0ac",
            "content_sha512": "f69f6047b9a8c4c954024236de6d0f4d8da57d74c38aa0e74e469d402e8c7759e0f3e72590e553c9b270f1ebbad7efa75d5b5b0a74ee0e11ebb5f05efde83167",
            "directory_permission": "0777",
            "file_permission": "0777",
            "filename": "./Funke.txt",
            "id": "cd26265ee25788d33ab2bad0bcda3860b3820f94",
            "sensitive_content": null,
            "source": null
          },
          "sensitive_attributes": [
            [
              {
                "type": "get_attr",
                "value": "sensitive_content"
              }
            ]
          ],
          "identity_schema_version": 0
        },
        {
          "index_key": "Kemi",
          "schema_version": 0,
          "attributes": {
            "content": "Name: KEMI\nRole: developer\nStatus: inactive\nSkills: Python,Github actions\n",
            "content_base64": null,
            "content_base64sha256": "Irp3Im8wbNEelnr/xqKu2o02mpoGKmTfm0pEp0dLHos=",
            "content_base64sha512": "7WZBIH/L1KJovy5n5883pp6cDBImo5dQVJHGn5yCBVIY0TsC7HyslrZXETTqGEywiFikVGNqkBoYzjfHwHhI7A==",
            "content_md5": "03f1e87fd669cb4c00cb20f516658747",
            "content_sha1": "596e265f8519be2b41020e2aac684583cb20bbe6",
            "content_sha256": "22ba77226f306cd11e967affc6a2aeda8d369a9a062a64df9b4a44a7474b1e8b",
            "content_sha512": "ed6641207fcbd4a268bf2e67e7cf37a69e9c0c1226a397505491c69f9c82055218d13b02ec7cac96b6571134ea184cb08858a454636a901a18ce37c7c07848ec",
            "directory_permission": "0777",
            "file_permission": "0777",
            "filename": "./Kemi.txt",
            "id": "596e265f8519be2b41020e2aac684583cb20bbe6",
            "sensitive_content": null,
            "source": null
          },
          "sensitive_attributes": [
            [
              {
                "type": "get_attr",
                "value": "sensitive_content"
              }
            ]
          ],
          "identity_schema_version": 0
        }
      ]
    }
  ],
  "check_results": null
}
