{
  "version": 4,
  "terraform_version": "1.14.5",
  "serial": 1,
  "lineage": "ae43c7dc-05da-2e43-196c-c2e0ba5d0d4c",
  "outputs": {},
  "resources": [
    {
      "mode": "managed",
      "type": "local_file",
      "name": "student",
      "provider": "provider[\"registry.terraform.io/hashicorp/local\"]",
      "instances": [
        {
          "schema_version": 0,
          "attributes": {
            "content": "Ben is learning CI/CD with terraform",
            "content_base64": null,
            "content_base64sha256": "ene94JZMw6GDfUjvbt1mMvN4Txg0ignpc5cKG0+umyU=",
            "content_base64sha512": "PJZ45wYy9GPwJmZ+Jrf8NVWxAqNQ9pPmIBmO/DXJGBTHIPm0YLtE16Tgu7hw44MuQiTwJXLqk+H1M+9o3CfKBQ==",
            "content_md5": "36865341583e35c7a8cff48321a73714",
            "content_sha1": "6843e4a9c089031bb585c12a94d01a3897c799f5",
            "content_sha256": "7a77bde0964cc3a1837d48ef6edd6632f3784f18348a09e973970a1b4fae9b25",
            "content_sha512": "3c9678e70632f463f026667e26b7fc3555b102a350f693e620198efc35c91814c720f9b460bb44d7a4e0bbb870e3832e4224f02572ea93e1f533ef68dc27ca05",
            "directory_permission": "0777",
            "file_permission": "0777",
            "filename": "./student.txt",
            "id": "6843e4a9c089031bb585c12a94d01a3897c799f5",
            "sensitive_content": null,
            "source": null
          },
          "sensitive_attributes": [
            [
              {
                "type": "get_attr",
                "value": "sensitive_content"
              }
            ]
          ],
          "identity_schema_version": 0
        }
      ]
    }
  ],
  "check_results": null
}
