{
  "version": 4,
  "terraform_version": "1.14.5",
  "serial": 6,
  "lineage": "ae43c7dc-05da-2e43-196c-c2e0ba5d0d4c",
  "outputs": {
    "course_message": {
      "value": "Ben is learning CI/CD with terraform",
      "type": "string"
    },
    "created_file": {
      "value": "./student.txt",
      "type": "string"
    },
    "experience_level": {
      "value": "Current level: beginner.",
      "type": "string"
    }
  },
  "resources": [
    {
      "mode": "managed",
      "type": "local_file",
      "name": "student",
      "provider": "provider[\"registry.terraform.io/hashicorp/local\"]",
      "instances": [
        {
          "schema_version": 0,
          "attributes": {
            "content": "  Ben is learning CI/CD with terraform\n  Current level: beginner.\n",
            "content_base64": null,
            "content_base64sha256": "4ZiQERI2GNwZzxaJK3OpdSs8LeZW5nnXaHMS2FWjTsA=",
            "content_base64sha512": "Wjnw9nhtD6UjabS5OKjl8hWGxlR2BYq2v/WeY5gfzy9YdGIwOmQ1kcS1ZXUhxeRYs5xTsPJPNG+wME6pI9cECw==",
            "content_md5": "3653824cbb3cb4920a95e5a2bef85e00",
            "content_sha1": "253b85b656084907b2df1bec417fccf73579d1a3",
            "content_sha256": "e1989011123618dc19cf16892b73a9752b3c2de656e679d7687312d855a34ec0",
            "content_sha512": "5a39f0f6786d0fa52369b4b938a8e5f21586c65476058ab6bff59e63981fcf2f587462303a643591c4b5657521c5e458b39c53b0f24f346fb0304ea923d7040b",
            "directory_permission": "0777",
            "file_permission": "0777",
            "filename": "./student.txt",
            "id": "253b85b656084907b2df1bec417fccf73579d1a3",
            "sensitive_content": null,
            "source": null
          },
          "sensitive_attributes": [
            [
              {
                "type": "get_attr",
                "value": "sensitive_content"
              }
            ]
          ],
          "identity_schema_version": 0
        }
      ]
    },
    {
      "mode": "managed",
      "type": "local_file",
      "name": "summary",
      "provider": "provider[\"registry.terraform.io/hashicorp/local\"]",
      "instances": [
        {
          "schema_version": 0,
          "attributes": {
            "content": "Student file: ./student.txt\nStudent: Ben\nCourse: CI/CD with terraform\n",
            "content_base64": null,
            "content_base64sha256": "T+imQOWHyC2bPbzVQdJHlW+wBmMvMBducV2c2T6jkdU=",
            "content_base64sha512": "Rgi79+U5SCD9+oSeCNFfY1CW0DH+UZqBdyhA7QrrSdv75x8L74/DZrPPdqw6K3aW81fsNJ6eSvcB9Wi7feOx3w==",
            "content_md5": "b6079f9ddabc54088f410f3610758785",
            "content_sha1": "ce82a0ce9579003ff3bb2e9551d0977ca204752f",
            "content_sha256": "4fe8a640e587c82d9b3dbcd541d247956fb006632f30176e715d9cd93ea391d5",
            "content_sha512": "4608bbf7e5394820fdfa849e08d15f635096d031fe519a81772840ed0aeb49dbfbe71f0bef8fc366b3cf76ac3a2b7696f357ec349e9e4af701f568bb7de3b1df",
            "directory_permission": "0777",
            "file_permission": "0777",
            "filename": "./summary.txt",
            "id": "ce82a0ce9579003ff3bb2e9551d0977ca204752f",
            "sensitive_content": null,
            "source": null
          },
          "sensitive_attributes": [
            [
              {
                "type": "get_attr",
                "value": "sensitive_content"
              }
            ]
          ],
          "identity_schema_version": 0,
          "dependencies": [
            "local_file.student"
          ]
        }
      ]
    }
  ],
  "check_results": [
    {
      "object_kind": "var",
      "config_addr": "var.student_name",
      "status": "pass",
      "objects": [
        {
          "object_addr": "var.student_name",
          "status": "pass"
        }
      ]
    }
  ]
}
